
Microsoft Visual Studio Solution File, Format Version 12.00
# Visual Studio 15
VisualStudioVersion = 15.0.26730.15
MinimumVisualStudioVersion = 10.0.40219.1
Project("{8BC9CEB8-8B4A-11D0-8D11-00A0C91BC942}") = "test_1", "test_1\test_1.vcxproj", "{8D8FE6EF-EDFE-429D-9AE4-F0D0A4EFE549}"
EndProject
Global
	GlobalSection(SolutionConfigurationPlatforms) = preSolution
		Debug|x64 = Debug|x64
		Debug|x86 = Debug|x86
		Release|x64 = Release|x64
		Release|x86 = Release|x86
	EndGlobalSection
	GlobalSection(ProjectConfigurationPlatforms) = postSolution
		{8D8FE6EF-EDFE-429D-9AE4-F0D0A4EFE549}.Debug|x64.ActiveCfg = Debug|x64
		{8D8FE6EF-EDFE-429D-9AE4-F0D0A4EFE549}.Debug|x64.Build.0 = Debug|x64
		{8D8FE6EF-EDFE-429D-9AE4-F0D0A4EFE549}.Debug|x86.ActiveCfg = Debug|Win32
		{8D8FE6EF-EDFE-429D-9AE4-F0D0A4EFE549}.Debug|x86.Build.0 = Debug|Win32
		{8D8FE6EF-EDFE-429D-9AE4-F0D0A4EFE549}.Release|x64.ActiveCfg = Release|x64
		{8D8FE6EF-EDFE-429D-9AE4-F0D0A4EFE549}.Release|x64.Build.0 = Release|x64
		{8D8FE6EF-EDFE-429D-9AE4-F0D0A4EFE549}.Release|x86.ActiveCfg = Release|Win32
		{8D8FE6EF-EDFE-429D-9AE4-F0D0A4EFE549}.Release|x86.Build.0 = Release|Win32
	EndGlobalSection
	GlobalSection(SolutionProperties) = preSolution
		HideSolutionNode = FALSE
	EndGlobalSection
	GlobalSection(ExtensibilityGlobals) = postSolution
		SolutionGuid = {B49BD632-0FF0-4263-B903-4108029DAAD0}
	EndGlobalSection
EndGlobal
