
Microsoft Visual Studio Solution File, Format Version 12.00
# Visual Studio 15
VisualStudioVersion = 15.0.26730.15
MinimumVisualStudioVersion = 10.0.40219.1
Project("{8BC9CEB8-8B4A-11D0-8D11-00A0C91BC942}") = "Test_Only", "Test_Only\Test_Only.vcxproj", "{37120E1C-8B28-4747-BD08-943C431D7D80}"
EndProject
Global
	GlobalSection(SolutionConfigurationPlatforms) = preSolution
		Debug|x64 = Debug|x64
		Debug|x86 = Debug|x86
		Release|x64 = Release|x64
		Release|x86 = Release|x86
	EndGlobalSection
	GlobalSection(ProjectConfigurationPlatforms) = postSolution
		{37120E1C-8B28-4747-BD08-943C431D7D80}.Debug|x64.ActiveCfg = Debug|x64
		{37120E1C-8B28-4747-BD08-943C431D7D80}.Debug|x64.Build.0 = Debug|x64
		{37120E1C-8B28-4747-BD08-943C431D7D80}.Debug|x86.ActiveCfg = Debug|Win32
		{37120E1C-8B28-4747-BD08-943C431D7D80}.Debug|x86.Build.0 = Debug|Win32
		{37120E1C-8B28-4747-BD08-943C431D7D80}.Release|x64.ActiveCfg = Release|x64
		{37120E1C-8B28-4747-BD08-943C431D7D80}.Release|x64.Build.0 = Release|x64
		{37120E1C-8B28-4747-BD08-943C431D7D80}.Release|x86.ActiveCfg = Release|Win32
		{37120E1C-8B28-4747-BD08-943C431D7D80}.Release|x86.Build.0 = Release|Win32
	EndGlobalSection
	GlobalSection(SolutionProperties) = preSolution
		HideSolutionNode = FALSE
	EndGlobalSection
	GlobalSection(ExtensibilityGlobals) = postSolution
		SolutionGuid = {4B52B78C-3F82-4D35-8ADC-EC04C039D7E0}
	EndGlobalSection
EndGlobal
